
Microsoft Visual Studio Solution File, Format Version 12.00
Project("{FAE04EC0-301F-11D3-BF4B-00C04F79EFBC}") = "RubiconmpSolution.WebApi", "RubiconmpSolution.WebApi\RubiconmpSolution.WebApi.csproj", "{6F603C3E-FE85-4BA1-BB1E-36515C49FAD2}"
EndProject
Project("{FAE04EC0-301F-11D3-BF4B-00C04F79EFBC}") = "RubiconmpSolution.DataAccess", "RubiconmpSolution.DataAccess\RubiconmpSolution.DataAccess.csproj", "{02330A70-D568-4CA5-BA2F-990D390D63EF}"
EndProject
Project("{FAE04EC0-301F-11D3-BF4B-00C04F79EFBC}") = "RubiconmpSolution.Core", "RubiconmpSolution.Core\RubiconmpSolution.Core.csproj", "{8E08E737-F9BE-4C48-B870-3A50FDBD180A}"
EndProject
Project("{FAE04EC0-301F-11D3-BF4B-00C04F79EFBC}") = "RubiconmpSolution.Business", "RubiconmpSolution.Business\RubiconmpSolution.Business.csproj", "{B4D2B5D3-4C1F-47A9-8D09-4524C666A282}"
EndProject
Project("{FAE04EC0-301F-11D3-BF4B-00C04F79EFBC}") = "RubiconmpSolution.Entities", "RubiconmpSolution.Entities\RubiconmpSolution.Entities.csproj", "{65736075-B984-46D5-8BE9-788536F2A04C}"
EndProject
Project("{FAE04EC0-301F-11D3-BF4B-00C04F79EFBC}") = "RubiconmpSolution.UnitTests", "RubiconmpSolution.UnitTests\RubiconmpSolution.UnitTests.csproj", "{2AF4BD87-C165-4AEE-A5B9-E7F1D3DA730F}"
EndProject
Global
	GlobalSection(SolutionConfigurationPlatforms) = preSolution
		Debug|Any CPU = Debug|Any CPU
		Release|Any CPU = Release|Any CPU
	EndGlobalSection
	GlobalSection(ProjectConfigurationPlatforms) = postSolution
		{6F603C3E-FE85-4BA1-BB1E-36515C49FAD2}.Debug|Any CPU.ActiveCfg = Debug|Any CPU
		{6F603C3E-FE85-4BA1-BB1E-36515C49FAD2}.Debug|Any CPU.Build.0 = Debug|Any CPU
		{6F603C3E-FE85-4BA1-BB1E-36515C49FAD2}.Release|Any CPU.ActiveCfg = Release|Any CPU
		{6F603C3E-FE85-4BA1-BB1E-36515C49FAD2}.Release|Any CPU.Build.0 = Release|Any CPU
		{02330A70-D568-4CA5-BA2F-990D390D63EF}.Debug|Any CPU.ActiveCfg = Debug|Any CPU
		{02330A70-D568-4CA5-BA2F-990D390D63EF}.Debug|Any CPU.Build.0 = Debug|Any CPU
		{02330A70-D568-4CA5-BA2F-990D390D63EF}.Release|Any CPU.ActiveCfg = Release|Any CPU
		{02330A70-D568-4CA5-BA2F-990D390D63EF}.Release|Any CPU.Build.0 = Release|Any CPU
		{8E08E737-F9BE-4C48-B870-3A50FDBD180A}.Debug|Any CPU.ActiveCfg = Debug|Any CPU
		{8E08E737-F9BE-4C48-B870-3A50FDBD180A}.Debug|Any CPU.Build.0 = Debug|Any CPU
		{8E08E737-F9BE-4C48-B870-3A50FDBD180A}.Release|Any CPU.ActiveCfg = Release|Any CPU
		{8E08E737-F9BE-4C48-B870-3A50FDBD180A}.Release|Any CPU.Build.0 = Release|Any CPU
		{B4D2B5D3-4C1F-47A9-8D09-4524C666A282}.Debug|Any CPU.ActiveCfg = Debug|Any CPU
		{B4D2B5D3-4C1F-47A9-8D09-4524C666A282}.Debug|Any CPU.Build.0 = Debug|Any CPU
		{B4D2B5D3-4C1F-47A9-8D09-4524C666A282}.Release|Any CPU.ActiveCfg = Release|Any CPU
		{B4D2B5D3-4C1F-47A9-8D09-4524C666A282}.Release|Any CPU.Build.0 = Release|Any CPU
		{65736075-B984-46D5-8BE9-788536F2A04C}.Debug|Any CPU.ActiveCfg = Debug|Any CPU
		{65736075-B984-46D5-8BE9-788536F2A04C}.Debug|Any CPU.Build.0 = Debug|Any CPU
		{65736075-B984-46D5-8BE9-788536F2A04C}.Release|Any CPU.ActiveCfg = Release|Any CPU
		{65736075-B984-46D5-8BE9-788536F2A04C}.Release|Any CPU.Build.0 = Release|Any CPU
		{2AF4BD87-C165-4AEE-A5B9-E7F1D3DA730F}.Debug|Any CPU.ActiveCfg = Debug|Any CPU
		{2AF4BD87-C165-4AEE-A5B9-E7F1D3DA730F}.Debug|Any CPU.Build.0 = Debug|Any CPU
		{2AF4BD87-C165-4AEE-A5B9-E7F1D3DA730F}.Release|Any CPU.ActiveCfg = Release|Any CPU
		{2AF4BD87-C165-4AEE-A5B9-E7F1D3DA730F}.Release|Any CPU.Build.0 = Release|Any CPU
	EndGlobalSection
EndGlobal
